
Microsoft Visual Studio Solution File, Format Version 12.00
# Visual Studio 2013
VisualStudioVersion = 12.0.31101.0
MinimumVisualStudioVersion = 10.0.40219.1
Project("{FAE04EC0-301F-11D3-BF4B-00C04F79EFBC}") = "DPTnew", "DPTnew\DPTnew.csproj", "{93DA42DA-FBB9-457D-A4DC-8998CEA1068F}"
EndProject
Project("{FAE04EC0-301F-11D3-BF4B-00C04F79EFBC}") = "SafenetIntegration", "SafenetIntegration\SafenetIntegration.csproj", "{7BAF4D68-B640-42AF-B487-4B4CCE7A28A0}"
EndProject
Project("{2150E333-8FDC-42A3-9474-1A3956D46DE8}") = ".nuget", ".nuget", "{999BA2C7-0CB3-497F-9D27-92A23C41A4A2}"
	ProjectSection(SolutionItems) = preProject
		.nuget\packages.config = .nuget\packages.config
	EndProjectSection
EndProject
Project("{FAE04EC0-301F-11D3-BF4B-00C04F79EFBC}") = "LicenseObject", "LicenseObject\LicenseObject.csproj", "{BAB6A100-27CB-43A0-8038-AA506E512CE7}"
EndProject
Global
	GlobalSection(SolutionConfigurationPlatforms) = preSolution
		Debug|Any CPU = Debug|Any CPU
		Release|Any CPU = Release|Any CPU
	EndGlobalSection
	GlobalSection(ProjectConfigurationPlatforms) = postSolution
		{93DA42DA-FBB9-457D-A4DC-8998CEA1068F}.Debug|Any CPU.ActiveCfg = Debug|Any CPU
		{93DA42DA-FBB9-457D-A4DC-8998CEA1068F}.Debug|Any CPU.Build.0 = Debug|Any CPU
		{93DA42DA-FBB9-457D-A4DC-8998CEA1068F}.Release|Any CPU.ActiveCfg = Release|Any CPU
		{93DA42DA-FBB9-457D-A4DC-8998CEA1068F}.Release|Any CPU.Build.0 = Release|Any CPU
		{7BAF4D68-B640-42AF-B487-4B4CCE7A28A0}.Debug|Any CPU.ActiveCfg = Debug|Any CPU
		{7BAF4D68-B640-42AF-B487-4B4CCE7A28A0}.Debug|Any CPU.Build.0 = Debug|Any CPU
		{7BAF4D68-B640-42AF-B487-4B4CCE7A28A0}.Release|Any CPU.ActiveCfg = Release|Any CPU
		{7BAF4D68-B640-42AF-B487-4B4CCE7A28A0}.Release|Any CPU.Build.0 = Release|Any CPU
		{BAB6A100-27CB-43A0-8038-AA506E512CE7}.Debug|Any CPU.ActiveCfg = Debug|Any CPU
		{BAB6A100-27CB-43A0-8038-AA506E512CE7}.Debug|Any CPU.Build.0 = Debug|Any CPU
		{BAB6A100-27CB-43A0-8038-AA506E512CE7}.Release|Any CPU.ActiveCfg = Release|Any CPU
		{BAB6A100-27CB-43A0-8038-AA506E512CE7}.Release|Any CPU.Build.0 = Release|Any CPU
	EndGlobalSection
	GlobalSection(SolutionProperties) = preSolution
		HideSolutionNode = FALSE
	EndGlobalSection
EndGlobal
